# This file is automatically @generated by Cargo.
# It is not intended for manual editing.
version = 4

[[package]]
name = "audio"
version = "0.1.0"

[[package]]
name = "components"
version = "0.1.0"

[[package]]
name = "engine_core"
version = "0.1.0"

[[package]]
name = "input"
version = "0.1.0"

[[package]]
name = "renderer"
version = "0.1.0"

[[package]]
name = "scene_editor"
version = "0.1.0"
